
Microsoft Visual Studio Solution File, Format Version 12.00
# Visual Studio Version 17
VisualStudioVersion = 17.12.35514.174 d17.12
MinimumVisualStudioVersion = 10.0.40219.1
Project("{FAE04EC0-301F-11D3-BF4B-00C04F79EFBC}") = "WebApiEmail", "WebApiEmail\WebApiEmail.csproj", "{1197E53A-DBDA-4F9A-8FB9-A79DB2826F23}"
EndProject
Global
	GlobalSection(SolutionConfigurationPlatforms) = preSolution
		Debug|Any CPU = Debug|Any CPU
		Release|Any CPU = Release|Any CPU
	EndGlobalSection
	GlobalSection(ProjectConfigurationPlatforms) = postSolution
		{1197E53A-DBDA-4F9A-8FB9-A79DB2826F23}.Debug|Any CPU.ActiveCfg = Debug|Any CPU
		{1197E53A-DBDA-4F9A-8FB9-A79DB2826F23}.Debug|Any CPU.Build.0 = Debug|Any CPU
		{1197E53A-DBDA-4F9A-8FB9-A79DB2826F23}.Release|Any CPU.ActiveCfg = Release|Any CPU
		{1197E53A-DBDA-4F9A-8FB9-A79DB2826F23}.Release|Any CPU.Build.0 = Release|Any CPU
	EndGlobalSection
	GlobalSection(SolutionProperties) = preSolution
		HideSolutionNode = FALSE
	EndGlobalSection
EndGlobal
